
Microsoft Visual Studio Solution File, Format Version 12.00
# Visual Studio 14
VisualStudioVersion = 14.0.25420.1
MinimumVisualStudioVersion = 10.0.40219.1
Project("{FAE04EC0-301F-11D3-BF4B-00C04F79EFBC}") = "ContosoUniversity", "ContosoUniversity\ContosoUniversity.csproj", "{61233130-B8DA-4956-AEC4-FEFBFB55B4B8}"
EndProject
Project("{FAE04EC0-301F-11D3-BF4B-00C04F79EFBC}") = "ContosoUniversity.Tests", "ContosoUniversity.Tests\ContosoUniversity.Tests.csproj", "{016A2958-53D7-4378-80E0-46FF6EE2CC40}"
EndProject
Global
	GlobalSection(SolutionConfigurationPlatforms) = preSolution
		Debug|Any CPU = Debug|Any CPU
		Release|Any CPU = Release|Any CPU
	EndGlobalSection
	GlobalSection(ProjectConfigurationPlatforms) = postSolution
		{61233130-B8DA-4956-AEC4-FEFBFB55B4B8}.Debug|Any CPU.ActiveCfg = Debug|Any CPU
		{61233130-B8DA-4956-AEC4-FEFBFB55B4B8}.Debug|Any CPU.Build.0 = Debug|Any CPU
		{61233130-B8DA-4956-AEC4-FEFBFB55B4B8}.Release|Any CPU.ActiveCfg = Release|Any CPU
		{61233130-B8DA-4956-AEC4-FEFBFB55B4B8}.Release|Any CPU.Build.0 = Release|Any CPU
		{016A2958-53D7-4378-80E0-46FF6EE2CC40}.Debug|Any CPU.ActiveCfg = Debug|Any CPU
		{016A2958-53D7-4378-80E0-46FF6EE2CC40}.Debug|Any CPU.Build.0 = Debug|Any CPU
		{016A2958-53D7-4378-80E0-46FF6EE2CC40}.Release|Any CPU.ActiveCfg = Release|Any CPU
		{016A2958-53D7-4378-80E0-46FF6EE2CC40}.Release|Any CPU.Build.0 = Release|Any CPU
	EndGlobalSection
	GlobalSection(SolutionProperties) = preSolution
		HideSolutionNode = FALSE
	EndGlobalSection
EndGlobal
